
Microsoft Visual Studio Solution File, Format Version 12.00
# Visual Studio Version 17
VisualStudioVersion = 17.1.32210.238
MinimumVisualStudioVersion = 10.0.40219.1
Project("{FAE04EC0-301F-11D3-BF4B-00C04F79EFBC}") = "BLL", "..\BLL\BLL.csproj", "{E771AFAB-A086-4C26-9CA7-2F683D3FA893}"
EndProject
Project("{FAE04EC0-301F-11D3-BF4B-00C04F79EFBC}") = "DAL", "..\DAL\DAL.csproj", "{B7749B0C-5970-4C67-A653-8D72BF6171D0}"
EndProject
Project("{FAE04EC0-301F-11D3-BF4B-00C04F79EFBC}") = "Model", "..\Model\Model.csproj", "{A3C85766-DE86-4B11-9A1C-5A7BEFA0BA50}"
EndProject
Project("{FAE04EC0-301F-11D3-BF4B-00C04F79EFBC}") = "UI", "..\UI\UI.csproj", "{6807C83F-3C53-42AF-87D3-2D6929DAA852}"
EndProject
Global
	GlobalSection(SolutionConfigurationPlatforms) = preSolution
		Debug|Any CPU = Debug|Any CPU
		Release|Any CPU = Release|Any CPU
	EndGlobalSection
	GlobalSection(ProjectConfigurationPlatforms) = postSolution
		{E771AFAB-A086-4C26-9CA7-2F683D3FA893}.Debug|Any CPU.ActiveCfg = Debug|Any CPU
		{E771AFAB-A086-4C26-9CA7-2F683D3FA893}.Debug|Any CPU.Build.0 = Debug|Any CPU
		{E771AFAB-A086-4C26-9CA7-2F683D3FA893}.Release|Any CPU.ActiveCfg = Release|Any CPU
		{E771AFAB-A086-4C26-9CA7-2F683D3FA893}.Release|Any CPU.Build.0 = Release|Any CPU
		{B7749B0C-5970-4C67-A653-8D72BF6171D0}.Debug|Any CPU.ActiveCfg = Debug|Any CPU
		{B7749B0C-5970-4C67-A653-8D72BF6171D0}.Debug|Any CPU.Build.0 = Debug|Any CPU
		{B7749B0C-5970-4C67-A653-8D72BF6171D0}.Release|Any CPU.ActiveCfg = Release|Any CPU
		{B7749B0C-5970-4C67-A653-8D72BF6171D0}.Release|Any CPU.Build.0 = Release|Any CPU
		{A3C85766-DE86-4B11-9A1C-5A7BEFA0BA50}.Debug|Any CPU.ActiveCfg = Debug|Any CPU
		{A3C85766-DE86-4B11-9A1C-5A7BEFA0BA50}.Debug|Any CPU.Build.0 = Debug|Any CPU
		{A3C85766-DE86-4B11-9A1C-5A7BEFA0BA50}.Release|Any CPU.ActiveCfg = Release|Any CPU
		{A3C85766-DE86-4B11-9A1C-5A7BEFA0BA50}.Release|Any CPU.Build.0 = Release|Any CPU
		{6807C83F-3C53-42AF-87D3-2D6929DAA852}.Debug|Any CPU.ActiveCfg = Debug|Any CPU
		{6807C83F-3C53-42AF-87D3-2D6929DAA852}.Debug|Any CPU.Build.0 = Debug|Any CPU
		{6807C83F-3C53-42AF-87D3-2D6929DAA852}.Release|Any CPU.ActiveCfg = Release|Any CPU
		{6807C83F-3C53-42AF-87D3-2D6929DAA852}.Release|Any CPU.Build.0 = Release|Any CPU
	EndGlobalSection
	GlobalSection(SolutionProperties) = preSolution
		HideSolutionNode = FALSE
	EndGlobalSection
	GlobalSection(ExtensibilityGlobals) = postSolution
		SolutionGuid = {94CB00DA-E613-4F38-9278-64C7B13073AC}
	EndGlobalSection
EndGlobal
